
Microsoft Visual Studio Solution File, Format Version 12.00
# Visual Studio 2013
VisualStudioVersion = 12.0.30501.0
MinimumVisualStudioVersion = 10.0.40219.1
Project("{FAE04EC0-301F-11D3-BF4B-00C04F79EFBC}") = "ClientNode", "ClientNode\ClientNode.csproj", "{998B7ADE-20BB-4CA3-BB7E-985989DA22DE}"
EndProject
Global
	GlobalSection(SolutionConfigurationPlatforms) = preSolution
		Debug|Any CPU = Debug|Any CPU
		Release|Any CPU = Release|Any CPU
	EndGlobalSection
	GlobalSection(ProjectConfigurationPlatforms) = postSolution
		{998B7ADE-20BB-4CA3-BB7E-985989DA22DE}.Debug|Any CPU.ActiveCfg = Debug|Any CPU
		{998B7ADE-20BB-4CA3-BB7E-985989DA22DE}.Debug|Any CPU.Build.0 = Debug|Any CPU
		{998B7ADE-20BB-4CA3-BB7E-985989DA22DE}.Release|Any CPU.ActiveCfg = Release|Any CPU
		{998B7ADE-20BB-4CA3-BB7E-985989DA22DE}.Release|Any CPU.Build.0 = Release|Any CPU
	EndGlobalSection
	GlobalSection(SolutionProperties) = preSolution
		HideSolutionNode = FALSE
	EndGlobalSection
EndGlobal
